
Microsoft Visual Studio Solution File, Format Version 12.00
# Visual Studio 2012
Project("{FAE04EC0-301F-11D3-BF4B-00C04F79EFBC}") = "innopolis", "innopolis\innopolis.csproj", "{2B192A7E-B6A0-47E8-BDD9-A3F09AEC072E}"
EndProject
Global
	GlobalSection(SolutionConfigurationPlatforms) = preSolution
		Debug|Any CPU = Debug|Any CPU
		Release|Any CPU = Release|Any CPU
	EndGlobalSection
	GlobalSection(ProjectConfigurationPlatforms) = postSolution
		{2B192A7E-B6A0-47E8-BDD9-A3F09AEC072E}.Debug|Any CPU.ActiveCfg = Debug|Any CPU
		{2B192A7E-B6A0-47E8-BDD9-A3F09AEC072E}.Debug|Any CPU.Build.0 = Debug|Any CPU
		{2B192A7E-B6A0-47E8-BDD9-A3F09AEC072E}.Release|Any CPU.ActiveCfg = Release|Any CPU
		{2B192A7E-B6A0-47E8-BDD9-A3F09AEC072E}.Release|Any CPU.Build.0 = Release|Any CPU
	EndGlobalSection
	GlobalSection(SolutionProperties) = preSolution
		HideSolutionNode = FALSE
	EndGlobalSection
EndGlobal
